<?xml version="1.0" encoding="UTF-8" standalone="yes" ?>
<CodeBlocks_project_file>
	<FileVersion major="1" minor="6" />
	<Project>
		<Option title="opengl_test" />
		<Option pch_mode="2" />
		<Option compiler="gcc" />
		<Build>
			<Target title="Debug">
				<Option output="bin/Debug/opengl_test" prefix_auto="1" extension_auto="1" />
				<Option object_output="obj/Debug/" />
				<Option type="1" />
				<Option compiler="gcc" />
				<Compiler>
					<Add option="-g" />
					<Add directory="include" />
				</Compiler>
			</Target>
			<Target title="Release">
				<Option output="bin/Release/opengl_test" prefix_auto="1" extension_auto="1" />
				<Option object_output="obj/Release/" />
				<Option type="1" />
				<Option compiler="gcc" />
				<Compiler>
					<Add option="-O2" />
					<Add directory="include" />
				</Compiler>
				<Linker>
					<Add option="-s" />
				</Linker>
			</Target>
		</Build>
		<Compiler>
			<Add option="-Wall" />
			<Add directory="../../libraries/glfw-3.2.1/include" />
			<Add directory="../../libraries/glm" />
			<Add directory="../../libraries/glew_/include" />
		</Compiler>
		<Linker>
			<Add library="opengl32" />
			<Add library="../../libraries/glfw-3.2.1/src/libglfw3.a" />
			<Add library="C:/MinGW/lib/libgdi32.a" />
		</Linker>
		<Unit filename="include/Camera.h" />
		<Unit filename="include/CameraController.h" />
		<Unit filename="include/Display.h" />
		<Unit filename="include/Mesh.h" />
		<Unit filename="include/Program.h" />
		<Unit filename="include/Shader.h" />
		<Unit filename="include/Texture.h" />
		<Unit filename="include/Transform.h" />
		<Unit filename="include/Uniform.h" />
		<Unit filename="include/UniformMat4.h" />
		<Unit filename="include/UniformVec3.h" />
		<Unit filename="include/Vertex.h" />
		<Unit filename="include/helper/OBJLoader.h" />
		<Unit filename="include/helper/ShaderSrcLoader.h" />
		<Unit filename="include/stb_image.h" />
		<Unit filename="main.cpp" />
		<Unit filename="res/normals.fs" />
		<Unit filename="res/normals.vs" />
		<Unit filename="res/test.fs" />
		<Unit filename="res/test.vs" />
		<Unit filename="src/Camera.cpp" />
		<Unit filename="src/CameraController.cpp" />
		<Unit filename="src/Display.cpp" />
		<Unit filename="src/Mesh.cpp" />
		<Unit filename="src/Program.cpp" />
		<Unit filename="src/Shader.cpp" />
		<Unit filename="src/Texture.cpp" />
		<Unit filename="src/Transform.cpp" />
		<Unit filename="src/Uniform.cpp" />
		<Unit filename="src/UniformMat4.cpp" />
		<Unit filename="src/UniformVec3.cpp" />
		<Unit filename="src/glew.c">
			<Option compilerVar="CC" />
		</Unit>
		<Unit filename="src/helper/OBJLoader.cpp" />
		<Unit filename="src/helper/ShaderSrcLoader.cpp" />
		<Extensions>
			<code_completion />
			<envvars />
			<debugger />
			<lib_finder disable_auto="1" />
		</Extensions>
	</Project>
</CodeBlocks_project_file>
